
Microsoft Visual Studio Solution File, Format Version 12.00
# Visual Studio Version 17
VisualStudioVersion = 17.1.32210.238
MinimumVisualStudioVersion = 10.0.40219.1
Project("{9A19103F-16F7-4668-BE54-9A1E7A4F7556}") = "WMS.API", "WMS.API\WMS.API.csproj", "{DD819278-7046-4A51-BC6A-423796CA7C0B}"
EndProject
Project("{9A19103F-16F7-4668-BE54-9A1E7A4F7556}") = "WMS.BusinessLayer", "WMS.BusinessLayer\WMS.BusinessLayer.csproj", "{912D5747-AB1B-40E8-9109-66A3AF0FE793}"
EndProject
Project("{9A19103F-16F7-4668-BE54-9A1E7A4F7556}") = "WMS.DataLayer", "DataLayer\WMS.DataLayer.csproj", "{4804F0D2-DE54-4745-B789-A95CF6E07CB7}"
EndProject
Project("{00D1A9C2-B5F0-4AF3-8072-F6C62B433612}") = "WMSDatabase", "WMSDatabase\WMSDatabase.sqlproj", "{7CA6BA7F-8804-48D1-B4F4-B662A7427C0B}"
EndProject
Global
	GlobalSection(SolutionConfigurationPlatforms) = preSolution
		Debug|Any CPU = Debug|Any CPU
		Release|Any CPU = Release|Any CPU
	EndGlobalSection
	GlobalSection(ProjectConfigurationPlatforms) = postSolution
		{DD819278-7046-4A51-BC6A-423796CA7C0B}.Debug|Any CPU.ActiveCfg = Debug|Any CPU
		{DD819278-7046-4A51-BC6A-423796CA7C0B}.Debug|Any CPU.Build.0 = Debug|Any CPU
		{DD819278-7046-4A51-BC6A-423796CA7C0B}.Release|Any CPU.ActiveCfg = Release|Any CPU
		{DD819278-7046-4A51-BC6A-423796CA7C0B}.Release|Any CPU.Build.0 = Release|Any CPU
		{912D5747-AB1B-40E8-9109-66A3AF0FE793}.Debug|Any CPU.ActiveCfg = Debug|Any CPU
		{912D5747-AB1B-40E8-9109-66A3AF0FE793}.Debug|Any CPU.Build.0 = Debug|Any CPU
		{912D5747-AB1B-40E8-9109-66A3AF0FE793}.Release|Any CPU.ActiveCfg = Release|Any CPU
		{912D5747-AB1B-40E8-9109-66A3AF0FE793}.Release|Any CPU.Build.0 = Release|Any CPU
		{4804F0D2-DE54-4745-B789-A95CF6E07CB7}.Debug|Any CPU.ActiveCfg = Debug|Any CPU
		{4804F0D2-DE54-4745-B789-A95CF6E07CB7}.Debug|Any CPU.Build.0 = Debug|Any CPU
		{4804F0D2-DE54-4745-B789-A95CF6E07CB7}.Release|Any CPU.ActiveCfg = Release|Any CPU
		{4804F0D2-DE54-4745-B789-A95CF6E07CB7}.Release|Any CPU.Build.0 = Release|Any CPU
		{7CA6BA7F-8804-48D1-B4F4-B662A7427C0B}.Debug|Any CPU.ActiveCfg = Debug|Any CPU
		{7CA6BA7F-8804-48D1-B4F4-B662A7427C0B}.Debug|Any CPU.Build.0 = Debug|Any CPU
		{7CA6BA7F-8804-48D1-B4F4-B662A7427C0B}.Debug|Any CPU.Deploy.0 = Debug|Any CPU
		{7CA6BA7F-8804-48D1-B4F4-B662A7427C0B}.Release|Any CPU.ActiveCfg = Release|Any CPU
		{7CA6BA7F-8804-48D1-B4F4-B662A7427C0B}.Release|Any CPU.Build.0 = Release|Any CPU
		{7CA6BA7F-8804-48D1-B4F4-B662A7427C0B}.Release|Any CPU.Deploy.0 = Release|Any CPU
	EndGlobalSection
	GlobalSection(SolutionProperties) = preSolution
		HideSolutionNode = FALSE
	EndGlobalSection
	GlobalSection(ExtensibilityGlobals) = postSolution
		SolutionGuid = {862E6A91-1602-46CE-A785-EFCA6E4C6FB4}
	EndGlobalSection
EndGlobal
